
Microsoft Visual Studio Solution File, Format Version 12.00
# Visual Studio 15
VisualStudioVersion = 15.0.27703.2035
MinimumVisualStudioVersion = 10.0.40219.1
Project("{FAE04EC0-301F-11D3-BF4B-00C04F79EFBC}") = "MrEOnline", "MrEOnline\MrEOnline.csproj", "{95B3D7B0-7A82-4978-8AE2-8FD251B0D17A}"
EndProject
Project("{FAE04EC0-301F-11D3-BF4B-00C04F79EFBC}") = "MrE.Repository", "MrE.Repository\MrE.Repository.csproj", "{4D960CAC-E2D0-4A85-9BCC-A7F3B9E9E770}"
EndProject
Project("{FAE04EC0-301F-11D3-BF4B-00C04F79EFBC}") = "MrE.Models", "MrE.Models\MrE.Models.csproj", "{0F2B375F-B774-4D14-839D-3B867CB4456F}"
EndProject
Project("{FAE04EC0-301F-11D3-BF4B-00C04F79EFBC}") = "MrE.Services", "MrE.Services\MrE.Services.csproj", "{FE265159-EBAD-49CD-9E35-73F6E693D223}"
EndProject
Project("{FAE04EC0-301F-11D3-BF4B-00C04F79EFBC}") = "MrEOnline.Tests", "MrEOnline.Tests\MrEOnline.Tests.csproj", "{1216689E-C8B0-4A3A-BB04-7A9F022CA51C}"
EndProject
Project("{FAE04EC0-301F-11D3-BF4B-00C04F79EFBC}") = "MrE.Services.Tests", "MrE.Services.Tests\MrE.Services.Tests.csproj", "{93843FB8-1FE6-4D90-A7B7-9D323821753E}"
EndProject
Project("{FAE04EC0-301F-11D3-BF4B-00C04F79EFBC}") = "TestUtils", "TestUtils\TestUtils.csproj", "{2AD303AD-B872-4239-8274-E297FB7E79D2}"
EndProject
Global
	GlobalSection(SolutionConfigurationPlatforms) = preSolution
		Debug|Any CPU = Debug|Any CPU
		Release|Any CPU = Release|Any CPU
	EndGlobalSection
	GlobalSection(ProjectConfigurationPlatforms) = postSolution
		{95B3D7B0-7A82-4978-8AE2-8FD251B0D17A}.Debug|Any CPU.ActiveCfg = Debug|Any CPU
		{95B3D7B0-7A82-4978-8AE2-8FD251B0D17A}.Debug|Any CPU.Build.0 = Debug|Any CPU
		{95B3D7B0-7A82-4978-8AE2-8FD251B0D17A}.Release|Any CPU.ActiveCfg = Release|Any CPU
		{95B3D7B0-7A82-4978-8AE2-8FD251B0D17A}.Release|Any CPU.Build.0 = Release|Any CPU
		{4D960CAC-E2D0-4A85-9BCC-A7F3B9E9E770}.Debug|Any CPU.ActiveCfg = Debug|Any CPU
		{4D960CAC-E2D0-4A85-9BCC-A7F3B9E9E770}.Debug|Any CPU.Build.0 = Debug|Any CPU
		{4D960CAC-E2D0-4A85-9BCC-A7F3B9E9E770}.Release|Any CPU.ActiveCfg = Release|Any CPU
		{4D960CAC-E2D0-4A85-9BCC-A7F3B9E9E770}.Release|Any CPU.Build.0 = Release|Any CPU
		{0F2B375F-B774-4D14-839D-3B867CB4456F}.Debug|Any CPU.ActiveCfg = Debug|Any CPU
		{0F2B375F-B774-4D14-839D-3B867CB4456F}.Debug|Any CPU.Build.0 = Debug|Any CPU
		{0F2B375F-B774-4D14-839D-3B867CB4456F}.Release|Any CPU.ActiveCfg = Release|Any CPU
		{0F2B375F-B774-4D14-839D-3B867CB4456F}.Release|Any CPU.Build.0 = Release|Any CPU
		{FE265159-EBAD-49CD-9E35-73F6E693D223}.Debug|Any CPU.ActiveCfg = Debug|Any CPU
		{FE265159-EBAD-49CD-9E35-73F6E693D223}.Debug|Any CPU.Build.0 = Debug|Any CPU
		{FE265159-EBAD-49CD-9E35-73F6E693D223}.Release|Any CPU.ActiveCfg = Release|Any CPU
		{FE265159-EBAD-49CD-9E35-73F6E693D223}.Release|Any CPU.Build.0 = Release|Any CPU
		{1216689E-C8B0-4A3A-BB04-7A9F022CA51C}.Debug|Any CPU.ActiveCfg = Debug|Any CPU
		{1216689E-C8B0-4A3A-BB04-7A9F022CA51C}.Debug|Any CPU.Build.0 = Debug|Any CPU
		{1216689E-C8B0-4A3A-BB04-7A9F022CA51C}.Release|Any CPU.ActiveCfg = Release|Any CPU
		{1216689E-C8B0-4A3A-BB04-7A9F022CA51C}.Release|Any CPU.Build.0 = Release|Any CPU
		{93843FB8-1FE6-4D90-A7B7-9D323821753E}.Debug|Any CPU.ActiveCfg = Debug|Any CPU
		{93843FB8-1FE6-4D90-A7B7-9D323821753E}.Debug|Any CPU.Build.0 = Debug|Any CPU
		{93843FB8-1FE6-4D90-A7B7-9D323821753E}.Release|Any CPU.ActiveCfg = Release|Any CPU
		{93843FB8-1FE6-4D90-A7B7-9D323821753E}.Release|Any CPU.Build.0 = Release|Any CPU
		{2AD303AD-B872-4239-8274-E297FB7E79D2}.Debug|Any CPU.ActiveCfg = Debug|Any CPU
		{2AD303AD-B872-4239-8274-E297FB7E79D2}.Debug|Any CPU.Build.0 = Debug|Any CPU
		{2AD303AD-B872-4239-8274-E297FB7E79D2}.Release|Any CPU.ActiveCfg = Release|Any CPU
		{2AD303AD-B872-4239-8274-E297FB7E79D2}.Release|Any CPU.Build.0 = Release|Any CPU
	EndGlobalSection
	GlobalSection(SolutionProperties) = preSolution
		HideSolutionNode = FALSE
	EndGlobalSection
	GlobalSection(ExtensibilityGlobals) = postSolution
		SolutionGuid = {FA8139AB-7F24-4570-8163-305FAF3444BD}
	EndGlobalSection
EndGlobal
